{
    "_readme": [
        "This file locks the dependencies of your project to a known state",
        "Read more about it at https://getcomposer.org/doc/01-basic-usage.md#composer-lock-the-lock-file",
        "This file is @generated automatically"
    ],
    "hash": "b1edffa2d0a30a549e5798e61a58ee44",
    "content-hash": "fb32c82663c9b333461fad321d6d24f0",
    "packages": [
        {
            "name": "j7mbo/twitter-api-php",
            "version": "dev-master",
            "source": {
                "type": "git",
                "url": "https://github.com/J7mbo/twitter-api-php.git",
                "reference": "a89ce3e294484aad7ae13dbabe45fb3928024ef8"
            },
            "dist": {
                "type": "zip",
                "url": "https://api.github.com/repos/J7mbo/twitter-api-php/zipball/a89ce3e294484aad7ae13dbabe45fb3928024ef8",
                "reference": "a89ce3e294484aad7ae13dbabe45fb3928024ef8",
                "shasum": ""
            },
            "require": {
                "ext-curl": "*"
            },
            "require-dev": {
                "phpunit/phpunit": "~4.5,>=4.5.1"
            },
            "type": "library",
            "extra": {
                "branch-alias": {
                    "dev-master": "1.0-dev"
                }
            },
            "autoload": {
                "files": [
                    "TwitterAPIExchange.php"
                ]
            },
            "notification-url": "https://packagist.org/downloads/",
            "license": [
                "GNU Public License"
            ],
            "authors": [
                {
                    "name": "James Mallison",
                    "homepage": "https://github.com/j7mbo/twitter-api-php"
                }
            ],
            "description": "Simple PHP Wrapper for Twitter API v1.1 calls",
            "homepage": "https://github.com/j7mbo/twitter-api-php",
            "keywords": [
                "api",
                "php",
                "twitter"
            ],
            "time": "2015-08-03 21:35:18"
        }
    ],
    "packages-dev": [
        {
            "name": "heroku/heroku-buildpack-php",
            "version": "v90",
            "source": {
                "type": "git",
                "url": "https://github.com/heroku/heroku-buildpack-php.git",
                "reference": "5f56ed1ea916bbeec16bf85bec0c99583e33331a"
            },
            "dist": {
                "type": "zip",
                "url": "https://api.github.com/repos/heroku/heroku-buildpack-php/zipball/5f56ed1ea916bbeec16bf85bec0c99583e33331a",
                "reference": "5f56ed1ea916bbeec16bf85bec0c99583e33331a",
                "shasum": ""
            },
            "bin": [
                "bin/heroku-hhvm-apache2",
                "bin/heroku-hhvm-nginx",
                "bin/heroku-php-apache2",
                "bin/heroku-php-nginx"
            ],
            "type": "library",
            "notification-url": "https://packagist.org/downloads/",
            "license": [
                "MIT"
            ],
            "authors": [
                {
                    "name": "David Zuelke",
                    "email": "dz@heroku.com"
                }
            ],
            "description": "Toolkit for starting a PHP application locally, with or without foreman, using the same config for PHP/HHVM and Apache2/Nginx as on Heroku",
            "homepage": "http://github.com/heroku/heroku-buildpack-php",
            "keywords": [
                "apache",
                "apache2",
                "foreman",
                "heroku",
                "hhvm",
                "nginx",
                "php"
            ],
            "time": "2015-12-18 14:29:45"
        }
    ],
    "aliases": [],
    "minimum-stability": "stable",
    "stability-flags": {
        "j7mbo/twitter-api-php": 20
    },
    "prefer-stable": false,
    "prefer-lowest": false,
    "platform": [],
    "platform-dev": []
}
